// !$*UTF8*$!
{
	archiveVersion = 1;
	classes = {
	};
	objectVersion = 50;
	objects = {

/* Begin PBXBuildFile section */
		0F13D58F2182B5E400EF188E /* AppDelegate.swift in Sources */ = {isa = PBXBuildFile; fileRef = 0F13D58E2182B5E400EF188E /* AppDelegate.swift */; };
		0F13D5912182B5E400EF188E /* ViewController.swift in Sources */ = {isa = PBXBuildFile; fileRef = 0F13D5902182B5E400EF188E /* ViewController.swift */; };
		0F13D5942182B5E400EF188E /* Main.storyboard in Resources */ = {isa = PBXBuildFile; fileRef = 0F13D5922182B5E400EF188E /* Main.storyboard */; };
		0F13D5962182B5E600EF188E /* Assets.xcassets in Resources */ = {isa = PBXBuildFile; fileRef = 0F13D5952182B5E600EF188E /* Assets.xcassets */; };
		0F13D5992182B5E600EF188E /* LaunchScreen.storyboard in Resources */ = {isa = PBXBuildFile; fileRef = 0F13D5972182B5E600EF188E /* LaunchScreen.storyboard */; };
		0F13D5A12182BA4900EF188E /* FlowerClassifier.mlmodel in Sources */ = {isa = PBXBuildFile; fileRef = 0F13D5A02182BA4900EF188E /* FlowerClassifier.mlmodel */; };
		892DE3C9A1059E12B3B660A3 /* Pods_GuessWhatFlowerItis.framework in Frameworks */ = {isa = PBXBuildFile; fileRef = 4A267B29BB56C47FDF7FB65F /* Pods_GuessWhatFlowerItis.framework */; };
/* End PBXBuildFile section */

/* Begin PBXFileReference section */
		0F13D58B2182B5E400EF188E /* GuessWhatFlowerItis.app */ = {isa = PBXFileReference; explicitFileType = wrapper.application; includeInIndex = 0; path = GuessWhatFlowerItis.app; sourceTree = BUILT_PRODUCTS_DIR; };
		0F13D58E2182B5E400EF188E /* AppDelegate.swift */ = {isa = PBXFileReference; lastKnownFileType = sourcecode.swift; path = AppDelegate.swift; sourceTree = "<group>"; };
		0F13D5902182B5E400EF188E /* ViewController.swift */ = {isa = PBXFileReference; lastKnownFileType = sourcecode.swift; path = ViewController.swift; sourceTree = "<group>"; };
		0F13D5932182B5E400EF188E /* Base */ = {isa = PBXFileReference; lastKnownFileType = file.storyboard; name = Base; path = Base.lproj/Main.storyboard; sourceTree = "<group>"; };
		0F13D5952182B5E600EF188E /* Assets.xcassets */ = {isa = PBXFileReference; lastKnownFileType = folder.assetcatalog; path = Assets.xcassets; sourceTree = "<group>"; };
		0F13D5982182B5E600EF188E /* Base */ = {isa = PBXFileReference; lastKnownFileType = file.storyboard; name = Base; path = Base.lproj/LaunchScreen.storyboard; sourceTree = "<group>"; };
		0F13D59A2182B5E600EF188E /* Info.plist */ = {isa = PBXFileReference; lastKnownFileType = text.plist.xml; path = Info.plist; sourceTree = "<group>"; };
		0F13D5A02182BA4900EF188E /* FlowerClassifier.mlmodel */ = {isa = PBXFileReference; lastKnownFileType = file.mlmodel; path = FlowerClassifier.mlmodel; sourceTree = "<group>"; };
		4A267B29BB56C47FDF7FB65F /* Pods_GuessWhatFlowerItis.framework */ = {isa = PBXFileReference; explicitFileType = wrapper.framework; includeInIndex = 0; path = Pods_GuessWhatFlowerItis.framework; sourceTree = BUILT_PRODUCTS_DIR; };
		76867BAB255B5F1BEBE937E6 /* Pods-GuessWhatFlowerItis.debug.xcconfig */ = {isa = PBXFileReference; includeInIndex = 1; lastKnownFileType = text.xcconfig; name = "Pods-GuessWhatFlowerItis.debug.xcconfig"; path = "Pods/Target Support Files/Pods-GuessWhatFlowerItis/Pods-GuessWhatFlowerItis.debug.xcconfig"; sourceTree = "<group>"; };
		BA250E8E2C1339BE0C0B8A7E /* Pods-GuessWhatFlowerItis.release.xcconfig */ = {isa = PBXFileReference; includeInIndex = 1; lastKnownFileType = text.xcconfig; name = "Pods-GuessWhatFlowerItis.release.xcconfig"; path = "Pods/Target Support Files/Pods-GuessWhatFlowerItis/Pods-GuessWhatFlowerItis.release.xcconfig"; sourceTree = "<group>"; };
/* End PBXFileReference section */

/* Begin PBXFrameworksBuildPhase section */
		0F13D5882182B5E400EF188E /* Frameworks */ = {
			isa = PBXFrameworksBuildPhase;
			buildActionMask = 2147483647;
			files = (
				892DE3C9A1059E12B3B660A3 /* Pods_GuessWhatFlowerItis.framework in Frameworks */,
			);
			runOnlyForDeploymentPostprocessing = 0;
		};
/* End PBXFrameworksBuildPhase section */

/* Begin PBXGroup section */
		0F13D5822182B5E400EF188E = {
			isa = PBXGroup;
			children = (
				0F13D58D2182B5E400EF188E /* GuessWhatFlowerItis */,
				0F13D58C2182B5E400EF188E /* Products */,
				558BCD1CCD3EF8547FF32439 /* Pods */,
				2935DD289B9990DA9ED3D0B8 /* Frameworks */,
			);
			sourceTree = "<group>";
		};
		0F13D58C2182B5E400EF188E /* Products */ = {
			isa = PBXGroup;
			children = (
				0F13D58B2182B5E400EF188E /* GuessWhatFlowerItis.app */,
			);
			name = Products;
			sourceTree = "<group>";
		};
		0F13D58D2182B5E400EF188E /* GuessWhatFlowerItis */ = {
			isa = PBXGroup;
			children = (
				0F13D58E2182B5E400EF188E /* AppDelegate.swift */,
				0F13D5902182B5E400EF188E /* ViewController.swift */,
				0F13D5922182B5E400EF188E /* Main.storyboard */,
				0F13D5952182B5E600EF188E /* Assets.xcassets */,
				0F13D5972182B5E600EF188E /* LaunchScreen.storyboard */,
				0F13D59A2182B5E600EF188E /* Info.plist */,
				0F13D5A02182BA4900EF188E /* FlowerClassifier.mlmodel */,
			);
			path = GuessWhatFlowerItis;
			sourceTree = "<group>";
		};
		2935DD289B9990DA9ED3D0B8 /* Frameworks */ = {
			isa = PBXGroup;
			children = (
				4A267B29BB56C47FDF7FB65F /* Pods_GuessWhatFlowerItis.framework */,
			);
			name = Frameworks;
			sourceTree = "<group>";
		};
		558BCD1CCD3EF8547FF32439 /* Pods */ = {
			isa = PBXGroup;
			children = (
				76867BAB255B5F1BEBE937E6 /* Pods-GuessWhatFlowerItis.debug.xcconfig */,
				BA250E8E2C1339BE0C0B8A7E /* Pods-GuessWhatFlowerItis.release.xcconfig */,
			);
			name = Pods;
			sourceTree = "<group>";
		};
/* End PBXGroup section */

/* Begin PBXNativeTarget section */
		0F13D58A2182B5E400EF188E /* GuessWhatFlowerItis */ = {
			isa = PBXNativeTarget;
			buildConfigurationList = 0F13D59D2182B5E600EF188E /* Build configuration list for PBXNativeTarget "GuessWhatFlowerItis" */;
			buildPhases = (
				21EEFBF007952ADFD71134F3 /* [CP] Check Pods Manifest.lock */,
				0F13D5872182B5E400EF188E /* Sources */,
				0F13D5882182B5E400EF188E /* Frameworks */,
				0F13D5892182B5E400EF188E /* Resources */,
				B9E85290B9B9651E6F1A7962 /* [CP] Embed Pods Frameworks */,
			);
			buildRules = (
			);
			dependencies = (
			);
			name = GuessWhatFlowerItis;
			productName = GuessWhatFlowerItis;
			productReference = 0F13D58B2182B5E400EF188E /* GuessWhatFlowerItis.app */;
			productType = "com.apple.product-type.application";
		};
/* End PBXNativeTarget section */

/* Begin PBXProject section */
		0F13D5832182B5E400EF188E /* Project object */ = {
			isa = PBXProject;
			attributes = {
				LastSwiftUpdateCheck = 1000;
				LastUpgradeCheck = 1000;
				ORGANIZATIONNAME = "Robin He";
				TargetAttributes = {
					0F13D58A2182B5E400EF188E = {
						CreatedOnToolsVersion = 10.0;
					};
				};
			};
			buildConfigurationList = 0F13D5862182B5E400EF188E /* Build configuration list for PBXProject "GuessWhatFlowerItis" */;
			compatibilityVersion = "Xcode 9.3";
			developmentRegion = en;
			hasScannedForEncodings = 0;
			knownRegions = (
				en,
				Base,
			);
			mainGroup = 0F13D5822182B5E400EF188E;
			productRefGroup = 0F13D58C2182B5E400EF188E /* Products */;
			projectDirPath = "";
			projectRoot = "";
			targets = (
				0F13D58A2182B5E400EF188E /* GuessWhatFlowerItis */,
			);
		};
/* End PBXProject section */

/* Begin PBXResourcesBuildPhase section */
		0F13D5892182B5E400EF188E /* Resources */ = {
			isa = PBXResourcesBuildPhase;
			buildActionMask = 2147483647;
			files = (
				0F13D5992182B5E600EF188E /* LaunchScreen.storyboard in Resources */,
				0F13D5962182B5E600EF188E /* Assets.xcassets in Resources */,
				0F13D5942182B5E400EF188E /* Main.storyboard in Resources */,
			);
			runOnlyForDeploymentPostprocessing = 0;
		};
/* End PBXResourcesBuildPhase section */

/* Begin PBXShellScriptBuildPhase section */
		21EEFBF007952ADFD71134F3 /* [CP] Check Pods Manifest.lock */ = {
			isa = PBXShellScriptBuildPhase;
			buildActionMask = 2147483647;
			files = (
			);
			inputFileListPaths = (
			);
			inputPaths = (
				"${PODS_PODFILE_DIR_PATH}/Podfile.lock",
				"${PODS_ROOT}/Manifest.lock",
			);
			name = "[CP] Check Pods Manifest.lock";
			outputFileListPaths = (
			);
			outputPaths = (
				"$(DERIVED_FILE_DIR)/Pods-GuessWhatFlowerItis-checkManifestLockResult.txt",
			);
			runOnlyForDeploymentPostprocessing = 0;
			shellPath = /bin/sh;
			shellScript = "diff \"${PODS_PODFILE_DIR_PATH}/Podfile.lock\" \"${PODS_ROOT}/Manifest.lock\" > /dev/null\nif [ $? != 0 ] ; then\n    # print error to STDERR\n    echo \"error: The sandbox is not in sync with the Podfile.lock. Run 'pod install' or update your CocoaPods installation.\" >&2\n    exit 1\nfi\n# This output is used by Xcode 'outputs' to avoid re-running this script phase.\necho \"SUCCESS\" > \"${SCRIPT_OUTPUT_FILE_0}\"\n";
			showEnvVarsInLog = 0;
		};
		B9E85290B9B9651E6F1A7962 /* [CP] Embed Pods Frameworks */ = {
			isa = PBXShellScriptBuildPhase;
			buildActionMask = 2147483647;
			files = (
			);
			inputFileListPaths = (
			);
			inputPaths = (
				"${SRCROOT}/Pods/Target Support Files/Pods-GuessWhatFlowerItis/Pods-GuessWhatFlowerItis-frameworks.sh",
				"${BUILT_PRODUCTS_DIR}/Alamofire/Alamofire.framework",
				"${BUILT_PRODUCTS_DIR}/ColorThiefSwift/ColorThiefSwift.framework",
				"${BUILT_PRODUCTS_DIR}/SDWebImage/SDWebImage.framework",
				"${BUILT_PRODUCTS_DIR}/SwiftyJSON/SwiftyJSON.framework",
			);
			name = "[CP] Embed Pods Frameworks";
			outputFileListPaths = (
			);
			outputPaths = (
				"${TARGET_BUILD_DIR}/${FRAMEWORKS_FOLDER_PATH}/Alamofire.framework",
				"${TARGET_BUILD_DIR}/${FRAMEWORKS_FOLDER_PATH}/ColorThiefSwift.framework",
				"${TARGET_BUILD_DIR}/${FRAMEWORKS_FOLDER_PATH}/SDWebImage.framework",
				"${TARGET_BUILD_DIR}/${FRAMEWORKS_FOLDER_PATH}/SwiftyJSON.framework",
			);
			runOnlyForDeploymentPostprocessing = 0;
			shellPath = /bin/sh;
			shellScript = "\"${SRCROOT}/Pods/Target Support Files/Pods-GuessWhatFlowerItis/Pods-GuessWhatFlowerItis-frameworks.sh\"\n";
			showEnvVarsInLog = 0;
		};
/* End PBXShellScriptBuildPhase section */

/* Begin PBXSourcesBuildPhase section */
		0F13D5872182B5E400EF188E /* Sources */ = {
			isa = PBXSourcesBuildPhase;
			buildActionMask = 2147483647;
			files = (
				0F13D5A12182BA4900EF188E /* FlowerClassifier.mlmodel in Sources */,
				0F13D5912182B5E400EF188E /* ViewController.swift in Sources */,
				0F13D58F2182B5E400EF188E /* AppDelegate.swift in Sources */,
			);
			runOnlyForDeploymentPostprocessing = 0;
		};
/* End PBXSourcesBuildPhase section */

/* Begin PBXVariantGroup section */
		0F13D5922182B5E400EF188E /* Main.storyboard */ = {
			isa = PBXVariantGroup;
			children = (
				0F13D5932182B5E400EF188E /* Base */,
			);
			name = Main.storyboard;
			sourceTree = "<group>";
		};
		0F13D5972182B5E600EF188E /* LaunchScreen.storyboard */ = {
			isa = PBXVariantGroup;
			children = (
				0F13D5982182B5E600EF188E /* Base */,
			);
			name = LaunchScreen.storyboard;
			sourceTree = "<group>";
		};
/* End PBXVariantGroup section */

/* Begin XCBuildConfiguration section */
		0F13D59B2182B5E600EF188E /* Debug */ = {
			isa = XCBuildConfiguration;
			buildSettings = {
				ALWAYS_SEARCH_USER_PATHS = NO;
				CLANG_ANALYZER_NONNULL = YES;
				CLANG_ANALYZER_NUMBER_OBJECT_CONVERSION = YES_AGGRESSIVE;
				CLANG_CXX_LANGUAGE_STANDARD = "gnu++14";
				CLANG_CXX_LIBRARY = "libc++";
				CLANG_ENABLE_MODULES = YES;
				CLANG_ENABLE_OBJC_ARC = YES;
				CLANG_ENABLE_OBJC_WEAK = YES;
				CLANG_WARN_BLOCK_CAPTURE_AUTORELEASING = YES;
				CLANG_WARN_BOOL_CONVERSION = YES;
				CLANG_WARN_COMMA = YES;
				CLANG_WARN_CONSTANT_CONVERSION = YES;
				CLANG_WARN_DEPRECATED_OBJC_IMPLEMENTATIONS = YES;
				CLANG_WARN_DIRECT_OBJC_ISA_USAGE = YES_ERROR;
				CLANG_WARN_DOCUMENTATION_COMMENTS = YES;
				CLANG_WARN_EMPTY_BODY = YES;
				CLANG_WARN_ENUM_CONVERSION = YES;
				CLANG_WARN_INFINITE_RECURSION = YES;
				CLANG_WARN_INT_CONVERSION = YES;
				CLANG_WARN_NON_LITERAL_NULL_CONVERSION = YES;
				CLANG_WARN_OBJC_IMPLICIT_RETAIN_SELF = YES;
				CLANG_WARN_OBJC_LITERAL_CONVERSION = YES;
				CLANG_WARN_OBJC_ROOT_CLASS = YES_ERROR;
				CLANG_WARN_RANGE_LOOP_ANALYSIS = YES;
				CLANG_WARN_STRICT_PROTOTYPES = YES;
				CLANG_WARN_SUSPICIOUS_MOVE = YES;
				CLANG_WARN_UNGUARDED_AVAILABILITY = YES_AGGRESSIVE;
				CLANG_WARN_UNREACHABLE_CODE = YES;
				CLANG_WARN__DUPLICATE_METHOD_MATCH = YES;
				CODE_SIGN_IDENTITY = "iPhone Developer";
				COPY_PHASE_STRIP = NO;
				DEBUG_INFORMATION_FORMAT = dwarf;
				ENABLE_STRICT_OBJC_MSGSEND = YES;
				ENABLE_TESTABILITY = YES;
				GCC_C_LANGUAGE_STANDARD = gnu11;
				GCC_DYNAMIC_NO_PIC = NO;
				GCC_NO_COMMON_BLOCKS = YES;
				GCC_OPTIMIZATION_LEVEL = 0;
				GCC_PREPROCESSOR_DEFINITIONS = (
					"DEBUG=1",
					"$(inherited)",
				);
				GCC_WARN_64_TO_32_BIT_CONVERSION = YES;
				GCC_WARN_ABOUT_RETURN_TYPE = YES_ERROR;
				GCC_WARN_UNDECLARED_SELECTOR = YES;
				GCC_WARN_UNINITIALIZED_AUTOS = YES_AGGRESSIVE;
				GCC_WARN_UNUSED_FUNCTION = YES;
				GCC_WARN_UNUSED_VARIABLE = YES;
				IPHONEOS_DEPLOYMENT_TARGET = 12.0;
				MTL_ENABLE_DEBUG_INFO = INCLUDE_SOURCE;
				MTL_FAST_MATH = YES;
				ONLY_ACTIVE_ARCH = YES;
				SDKROOT = iphoneos;
				SWIFT_ACTIVE_COMPILATION_CONDITIONS = DEBUG;
				SWIFT_OPTIMIZATION_LEVEL = "-Onone";
			};
			name = Debug;
		};
		0F13D59C2182B5E600EF188E /* Release */ = {
			isa = XCBuildConfiguration;
			buildSettings = {
				ALWAYS_SEARCH_USER_PATHS = NO;
				CLANG_ANALYZER_NONNULL = YES;
				CLANG_ANALYZER_NUMBER_OBJECT_CONVERSION = YES_AGGRESSIVE;
				CLANG_CXX_LANGUAGE_STANDARD = "gnu++14";
				CLANG_CXX_LIBRARY = "libc++";
				CLANG_ENABLE_MODULES = YES;
				CLANG_ENABLE_OBJC_ARC = YES;
				CLANG_ENABLE_OBJC_WEAK = YES;
				CLANG_WARN_BLOCK_CAPTURE_AUTORELEASING = YES;
				CLANG_WARN_BOOL_CONVERSION = YES;
				CLANG_WARN_COMMA = YES;
				CLANG_WARN_CONSTANT_CONVERSION = YES;
				CLANG_WARN_DEPRECATED_OBJC_IMPLEMENTATIONS = YES;
				CLANG_WARN_DIRECT_OBJC_ISA_USAGE = YES_ERROR;
				CLANG_WARN_DOCUMENTATION_COMMENTS = YES;
				CLANG_WARN_EMPTY_BODY = YES;
				CLANG_WARN_ENUM_CONVERSION = YES;
				CLANG_WARN_INFINITE_RECURSION = YES;
				CLANG_WARN_INT_CONVERSION = YES;
				CLANG_WARN_NON_LITERAL_NULL_CONVERSION = YES;
				CLANG_WARN_OBJC_IMPLICIT_RETAIN_SELF = YES;
				CLANG_WARN_OBJC_LITERAL_CONVERSION = YES;
				CLANG_WARN_OBJC_ROOT_CLASS = YES_ERROR;
				CLANG_WARN_RANGE_LOOP_ANALYSIS = YES;
				CLANG_WARN_STRICT_PROTOTYPES = YES;
				CLANG_WARN_SUSPICIOUS_MOVE = YES;
				CLANG_WARN_UNGUARDED_AVAILABILITY = YES_AGGRESSIVE;
				CLANG_WARN_UNREACHABLE_CODE = YES;
				CLANG_WARN__DUPLICATE_METHOD_MATCH = YES;
				CODE_SIGN_IDENTITY = "iPhone Developer";
				COPY_PHASE_STRIP = NO;
				DEBUG_INFORMATION_FORMAT = "dwarf-with-dsym";
				ENABLE_NS_ASSERTIONS = NO;
				ENABLE_STRICT_OBJC_MSGSEND = YES;
				GCC_C_LANGUAGE_STANDARD = gnu11;
				GCC_NO_COMMON_BLOCKS = YES;
				GCC_WARN_64_TO_32_BIT_CONVERSION = YES;
				GCC_WARN_ABOUT_RETURN_TYPE = YES_ERROR;
				GCC_WARN_UNDECLARED_SELECTOR = YES;
				GCC_WARN_UNINITIALIZED_AUTOS = YES_AGGRESSIVE;
				GCC_WARN_UNUSED_FUNCTION = YES;
				GCC_WARN_UNUSED_VARIABLE = YES;
				IPHONEOS_DEPLOYMENT_TARGET = 12.0;
				MTL_ENABLE_DEBUG_INFO = NO;
				MTL_FAST_MATH = YES;
				SDKROOT = iphoneos;
				SWIFT_COMPILATION_MODE = wholemodule;
				SWIFT_OPTIMIZATION_LEVEL = "-O";
				VALIDATE_PRODUCT = YES;
			};
			name = Release;
		};
		0F13D59E2182B5E600EF188E /* Debug */ = {
			isa = XCBuildConfiguration;
			baseConfigurationReference = 76867BAB255B5F1BEBE937E6 /* Pods-GuessWhatFlowerItis.debug.xcconfig */;
			buildSettings = {
				ASSETCATALOG_COMPILER_APPICON_NAME = AppIcon;
				CODE_SIGN_STYLE = Automatic;
				DEVELOPMENT_TEAM = SZV6XCL93K;
				INFOPLIST_FILE = GuessWhatFlowerItis/Info.plist;
				LD_RUNPATH_SEARCH_PATHS = (
					"$(inherited)",
					"@executable_path/Frameworks",
				);
				PRODUCT_BUNDLE_IDENTIFIER = neu.edu.GuessWhatFlowerItis;
				PRODUCT_NAME = "$(TARGET_NAME)";
				SWIFT_VERSION = 4.2;
				TARGETED_DEVICE_FAMILY = "1,2";
			};
			name = Debug;
		};
		0F13D59F2182B5E600EF188E /* Release */ = {
			isa = XCBuildConfiguration;
			baseConfigurationReference = BA250E8E2C1339BE0C0B8A7E /* Pods-GuessWhatFlowerItis.release.xcconfig */;
			buildSettings = {
				ASSETCATALOG_COMPILER_APPICON_NAME = AppIcon;
				CODE_SIGN_STYLE = Automatic;
				DEVELOPMENT_TEAM = SZV6XCL93K;
				INFOPLIST_FILE = GuessWhatFlowerItis/Info.plist;
				LD_RUNPATH_SEARCH_PATHS = (
					"$(inherited)",
					"@executable_path/Frameworks",
				);
				PRODUCT_BUNDLE_IDENTIFIER = neu.edu.GuessWhatFlowerItis;
				PRODUCT_NAME = "$(TARGET_NAME)";
				SWIFT_VERSION = 4.2;
				TARGETED_DEVICE_FAMILY = "1,2";
			};
			name = Release;
		};
/* End XCBuildConfiguration section */

/* Begin XCConfigurationList section */
		0F13D5862182B5E400EF188E /* Build configuration list for PBXProject "GuessWhatFlowerItis" */ = {
			isa = XCConfigurationList;
			buildConfigurations = (
				0F13D59B2182B5E600EF188E /* Debug */,
				0F13D59C2182B5E600EF188E /* Release */,
			);
			defaultConfigurationIsVisible = 0;
			defaultConfigurationName = Release;
		};
		0F13D59D2182B5E600EF188E /* Build configuration list for PBXNativeTarget "GuessWhatFlowerItis" */ = {
			isa = XCConfigurationList;
			buildConfigurations = (
				0F13D59E2182B5E600EF188E /* Debug */,
				0F13D59F2182B5E600EF188E /* Release */,
			);
			defaultConfigurationIsVisible = 0;
			defaultConfigurationName = Release;
		};
/* End XCConfigurationList section */
	};
	rootObject = 0F13D5832182B5E400EF188E /* Project object */;
}
